
Microsoft Visual Studio Solution File, Format Version 12.00
# Visual Studio Version 16
VisualStudioVersion = 16.0.30717.126
MinimumVisualStudioVersion = 10.0.40219.1
Project("{FAE04EC0-301F-11D3-BF4B-00C04F79EFBC}") = "PeliculasAPI", "PeliculasAPI\PeliculasAPI.csproj", "{DC00E3B3-A162-4299-97D8-CD0715530C54}"
EndProject
Global
	GlobalSection(SolutionConfigurationPlatforms) = preSolution
		Debug|Any CPU = Debug|Any CPU
		Release|Any CPU = Release|Any CPU
	EndGlobalSection
	GlobalSection(ProjectConfigurationPlatforms) = postSolution
		{DC00E3B3-A162-4299-97D8-CD0715530C54}.Debug|Any CPU.ActiveCfg = Debug|Any CPU
		{DC00E3B3-A162-4299-97D8-CD0715530C54}.Debug|Any CPU.Build.0 = Debug|Any CPU
		{DC00E3B3-A162-4299-97D8-CD0715530C54}.Release|Any CPU.ActiveCfg = Release|Any CPU
		{DC00E3B3-A162-4299-97D8-CD0715530C54}.Release|Any CPU.Build.0 = Release|Any CPU
	EndGlobalSection
	GlobalSection(SolutionProperties) = preSolution
		HideSolutionNode = FALSE
	EndGlobalSection
	GlobalSection(ExtensibilityGlobals) = postSolution
		SolutionGuid = {F9177693-7D84-4B8C-9E88-25E2B5CB3899}
	EndGlobalSection
EndGlobal
